
Microsoft Visual Studio Solution File, Format Version 12.00
# Visual Studio Version 17
VisualStudioVersion = 17.13.35825.156 d17.13
MinimumVisualStudioVersion = 10.0.40219.1
Project("{FAE04EC0-301F-11D3-BF4B-00C04F79EFBC}") = "CodingExerciseUnitTest1", "CodingExerciseUnitTest1\CodingExerciseUnitTest1.csproj", "{5912AA44-B173-440F-AFBE-F623A908DED4}"
EndProject
Project("{FAE04EC0-301F-11D3-BF4B-00C04F79EFBC}") = "UnitTest", "UnitTest\UnitTest.csproj", "{DBCE5F6A-4855-4517-986B-99E701B38F6B}"
EndProject
Global
	GlobalSection(SolutionConfigurationPlatforms) = preSolution
		Debug|Any CPU = Debug|Any CPU
		Release|Any CPU = Release|Any CPU
	EndGlobalSection
	GlobalSection(ProjectConfigurationPlatforms) = postSolution
		{5912AA44-B173-440F-AFBE-F623A908DED4}.Debug|Any CPU.ActiveCfg = Debug|Any CPU
		{5912AA44-B173-440F-AFBE-F623A908DED4}.Debug|Any CPU.Build.0 = Debug|Any CPU
		{5912AA44-B173-440F-AFBE-F623A908DED4}.Release|Any CPU.ActiveCfg = Release|Any CPU
		{5912AA44-B173-440F-AFBE-F623A908DED4}.Release|Any CPU.Build.0 = Release|Any CPU
		{DBCE5F6A-4855-4517-986B-99E701B38F6B}.Debug|Any CPU.ActiveCfg = Debug|Any CPU
		{DBCE5F6A-4855-4517-986B-99E701B38F6B}.Debug|Any CPU.Build.0 = Debug|Any CPU
		{DBCE5F6A-4855-4517-986B-99E701B38F6B}.Release|Any CPU.ActiveCfg = Release|Any CPU
		{DBCE5F6A-4855-4517-986B-99E701B38F6B}.Release|Any CPU.Build.0 = Release|Any CPU
	EndGlobalSection
	GlobalSection(SolutionProperties) = preSolution
		HideSolutionNode = FALSE
	EndGlobalSection
	GlobalSection(ExtensibilityGlobals) = postSolution
		SolutionGuid = {42F58896-ADB7-4E28-BDAC-84DCC2ABF4ED}
	EndGlobalSection
EndGlobal
